
Microsoft Visual Studio Solution File, Format Version 12.00
Project("{FAE04EC0-301F-11D3-BF4B-00C04F79EFBC}") = "BackTasker.Data", "BackTasker.Data\BackTasker.Data.csproj", "{C995A8D8-6586-4775-881F-07404A47E36A}"
EndProject
Project("{FAE04EC0-301F-11D3-BF4B-00C04F79EFBC}") = "BackTasker.Worker", "BackTasker.Worker\BackTasker.Worker.csproj", "{AB9680D9-3092-4111-97F1-8CF365140515}"
EndProject
Project("{FAE04EC0-301F-11D3-BF4B-00C04F79EFBC}") = "BackTasker.Scheduler", "BackTasker.Scheduler\BackTasker.Scheduler.csproj", "{3FB54A50-76E9-45D2-AFC6-E053EC54240A}"
EndProject
Project("{FAE04EC0-301F-11D3-BF4B-00C04F79EFBC}") = "BackTasker.Core", "BackTasker.Core\BackTasker.Core.csproj", "{EE1410C8-6636-47CD-9991-37A4CE471028}"
EndProject
Global
	GlobalSection(SolutionConfigurationPlatforms) = preSolution
		Debug|Any CPU = Debug|Any CPU
		Release|Any CPU = Release|Any CPU
	EndGlobalSection
	GlobalSection(ProjectConfigurationPlatforms) = postSolution
		{C995A8D8-6586-4775-881F-07404A47E36A}.Debug|Any CPU.ActiveCfg = Debug|Any CPU
		{C995A8D8-6586-4775-881F-07404A47E36A}.Debug|Any CPU.Build.0 = Debug|Any CPU
		{C995A8D8-6586-4775-881F-07404A47E36A}.Release|Any CPU.ActiveCfg = Release|Any CPU
		{C995A8D8-6586-4775-881F-07404A47E36A}.Release|Any CPU.Build.0 = Release|Any CPU
		{AB9680D9-3092-4111-97F1-8CF365140515}.Debug|Any CPU.ActiveCfg = Debug|Any CPU
		{AB9680D9-3092-4111-97F1-8CF365140515}.Debug|Any CPU.Build.0 = Debug|Any CPU
		{AB9680D9-3092-4111-97F1-8CF365140515}.Release|Any CPU.ActiveCfg = Release|Any CPU
		{AB9680D9-3092-4111-97F1-8CF365140515}.Release|Any CPU.Build.0 = Release|Any CPU
		{3FB54A50-76E9-45D2-AFC6-E053EC54240A}.Debug|Any CPU.ActiveCfg = Debug|Any CPU
		{3FB54A50-76E9-45D2-AFC6-E053EC54240A}.Debug|Any CPU.Build.0 = Debug|Any CPU
		{3FB54A50-76E9-45D2-AFC6-E053EC54240A}.Release|Any CPU.ActiveCfg = Release|Any CPU
		{3FB54A50-76E9-45D2-AFC6-E053EC54240A}.Release|Any CPU.Build.0 = Release|Any CPU
		{EE1410C8-6636-47CD-9991-37A4CE471028}.Debug|Any CPU.ActiveCfg = Debug|Any CPU
		{EE1410C8-6636-47CD-9991-37A4CE471028}.Debug|Any CPU.Build.0 = Debug|Any CPU
		{EE1410C8-6636-47CD-9991-37A4CE471028}.Release|Any CPU.ActiveCfg = Release|Any CPU
		{EE1410C8-6636-47CD-9991-37A4CE471028}.Release|Any CPU.Build.0 = Release|Any CPU
	EndGlobalSection
EndGlobal
